
Microsoft Visual Studio Solution File, Format Version 12.00
# Visual Studio Version 17
VisualStudioVersion = 17.5.002.0
MinimumVisualStudioVersion = 10.0.40219.1
Project("{9A19103F-16F7-4668-BE54-9A1E7A4F7556}") = "laburinthos", "laburinthos\laburinthos.csproj", "{79226D1C-A682-47B7-B599-C8503A0BA080}"
EndProject
Global
	GlobalSection(SolutionConfigurationPlatforms) = preSolution
		Debug|Any CPU = Debug|Any CPU
		Release|Any CPU = Release|Any CPU
	EndGlobalSection
	GlobalSection(ProjectConfigurationPlatforms) = postSolution
		{79226D1C-A682-47B7-B599-C8503A0BA080}.Debug|Any CPU.ActiveCfg = Debug|Any CPU
		{79226D1C-A682-47B7-B599-C8503A0BA080}.Debug|Any CPU.Build.0 = Debug|Any CPU
		{79226D1C-A682-47B7-B599-C8503A0BA080}.Release|Any CPU.ActiveCfg = Release|Any CPU
		{79226D1C-A682-47B7-B599-C8503A0BA080}.Release|Any CPU.Build.0 = Release|Any CPU
	EndGlobalSection
	GlobalSection(SolutionProperties) = preSolution
		HideSolutionNode = FALSE
	EndGlobalSection
	GlobalSection(ExtensibilityGlobals) = postSolution
		SolutionGuid = {A4CF32E5-B24B-4156-A606-5258AE64C4C0}
	EndGlobalSection
EndGlobal
